{
  "name": "clove-skills",
  "version": "0.1.0",
  "lockfileVersion": 3,
  "requires": true,
  "packages": {
    "": {
      "name": "clove-skills",
      "version": "0.1.0",
      "bin": {
        "clove-skills": "bin/clove-skills.js"
      },
      "engines": {
        "node": ">=18"
      }
    }
  }
}
